
Microsoft Visual Studio Solution File, Format Version 12.00
# Visual Studio Version 16
VisualStudioVersion = 16.0.29709.97
MinimumVisualStudioVersion = 10.0.40219.1
Project("{FAE04EC0-301F-11D3-BF4B-00C04F79EFBC}") = "PlsAPI", "PlsAPI.csproj", "{832B4FB7-9FB7-46F1-99B9-AD1013D4E1AA}"
EndProject
Global
	GlobalSection(SolutionConfigurationPlatforms) = preSolution
		Debug|Any CPU = Debug|Any CPU
		Release|Any CPU = Release|Any CPU
	EndGlobalSection
	GlobalSection(ProjectConfigurationPlatforms) = postSolution
		{832B4FB7-9FB7-46F1-99B9-AD1013D4E1AA}.Debug|Any CPU.ActiveCfg = Debug|Any CPU
		{832B4FB7-9FB7-46F1-99B9-AD1013D4E1AA}.Debug|Any CPU.Build.0 = Debug|Any CPU
		{832B4FB7-9FB7-46F1-99B9-AD1013D4E1AA}.Release|Any CPU.ActiveCfg = Release|Any CPU
		{832B4FB7-9FB7-46F1-99B9-AD1013D4E1AA}.Release|Any CPU.Build.0 = Release|Any CPU
	EndGlobalSection
	GlobalSection(SolutionProperties) = preSolution
		HideSolutionNode = FALSE
	EndGlobalSection
	GlobalSection(ExtensibilityGlobals) = postSolution
		SolutionGuid = {63261BA5-206D-4F91-9EA7-5FB6028E731A}
	EndGlobalSection
EndGlobal
