
Microsoft Visual Studio Solution File, Format Version 12.00
Project("{FAE04EC0-301F-11D3-BF4B-00C04F79EFBC}") = "Moduit.Api", "Moduit.Api\Moduit.Api.csproj", "{CFD3C59B-AC67-4075-B3A3-F04FB579F5C2}"
EndProject
Global
	GlobalSection(SolutionConfigurationPlatforms) = preSolution
		Debug|Any CPU = Debug|Any CPU
		Release|Any CPU = Release|Any CPU
	EndGlobalSection
	GlobalSection(ProjectConfigurationPlatforms) = postSolution
		{CFD3C59B-AC67-4075-B3A3-F04FB579F5C2}.Debug|Any CPU.ActiveCfg = Debug|Any CPU
		{CFD3C59B-AC67-4075-B3A3-F04FB579F5C2}.Debug|Any CPU.Build.0 = Debug|Any CPU
		{CFD3C59B-AC67-4075-B3A3-F04FB579F5C2}.Release|Any CPU.ActiveCfg = Release|Any CPU
		{CFD3C59B-AC67-4075-B3A3-F04FB579F5C2}.Release|Any CPU.Build.0 = Release|Any CPU
	EndGlobalSection
EndGlobal
